
Microsoft Visual Studio Solution File, Format Version 12.00
# Visual Studio 15
VisualStudioVersion = 15.0.25920.0
MinimumVisualStudioVersion = 10.0.40219.1
Project("{2150E333-8FDC-42A3-9474-1A3956D46DE8}") = "Plugins", "Plugins", "{3490F01F-85E3-4F6E-9DA9-C855906F9A8C}"
EndProject
Project("{2150E333-8FDC-42A3-9474-1A3956D46DE8}") = "Machines", "Machines", "{C483BE1F-B294-484D-9741-658C118CDA66}"
EndProject
Project("{2150E333-8FDC-42A3-9474-1A3956D46DE8}") = "Libraries", "Libraries", "{D6D31C76-2D45-4241-A2B8-B4E045BD9889}"
EndProject
Project("{FAE04EC0-301F-11D3-BF4B-00C04F79EFBC}") = "AbstractDevelop.Common", "Libraries\AbstractDevelop.Common\AbstractDevelop.Common.csproj", "{0B76401D-E688-485C-A6E0-A5461CB9FE7E}"
EndProject
Project("{FAE04EC0-301F-11D3-BF4B-00C04F79EFBC}") = "AbstractDevelop.RiscMachine", "Plugins\AbstractDevelop.RiscMachine\AbstractDevelop.RiscMachine.csproj", "{9681F5DE-E78F-4522-AEF5-C7C666728F6A}"
EndProject
Project("{FAE04EC0-301F-11D3-BF4B-00C04F79EFBC}") = "AbstractDevelop.PostMachine", "Plugins\AbstractDevelop.PostMachine\AbstractDevelop.PostMachine.csproj", "{18E1A5BC-DF39-47B9-8C1A-A607E1540249}"
EndProject
Project("{FAE04EC0-301F-11D3-BF4B-00C04F79EFBC}") = "AbstractDevelop.RegisterMachine", "Plugins\AbstractDevelop.RegisterMachine\AbstractDevelop.RegisterMachine.csproj", "{E1C6217A-F78A-4F7B-94F0-27ED8B96ABC5}"
EndProject
Project("{FAE04EC0-301F-11D3-BF4B-00C04F79EFBC}") = "AbstractDevelop.TuringMachine", "Plugins\AbstractDevelop.TuringMachine\AbstractDevelop.TuringMachine.csproj", "{149C371B-57D1-44B3-9E2A-8B0DC82B71E7}"
EndProject
Project("{FAE04EC0-301F-11D3-BF4B-00C04F79EFBC}") = "AbstractDevelop.Visuals", "Libraries\AbstractDevelop.Visuals\AbstractDevelop.Visuals.csproj", "{DE9B6974-0AB1-44D8-AC96-DDD78A2DA5DE}"
EndProject
Project("{2150E333-8FDC-42A3-9474-1A3956D46DE8}") = "Tests", "Tests", "{0D43EFE8-CF28-4829-93E2-A3C974507A66}"
EndProject
Project("{FAE04EC0-301F-11D3-BF4B-00C04F79EFBC}") = "SchemaTests", "Tests\SchemaTests\SchemaTests.csproj", "{1842F254-C252-416B-8C8A-90D02B9C65A1}"
	ProjectSection(ProjectDependencies) = postProject
		{9681F5DE-E78F-4522-AEF5-C7C666728F6A} = {9681F5DE-E78F-4522-AEF5-C7C666728F6A}
	EndProjectSection
EndProject
Project("{FAE04EC0-301F-11D3-BF4B-00C04F79EFBC}") = "AbstractDevelop", "AbstractDevelop\AbstractDevelop.csproj", "{281309E2-28DF-480A-A4F5-E9551BB07CC3}"
EndProject
Project("{FAE04EC0-301F-11D3-BF4B-00C04F79EFBC}") = "AnotherTest", "Tests\AnotherTest\AnotherTest.csproj", "{9177D9A8-2C1F-4385-ADEC-13AA21783F46}"
EndProject
Global
	GlobalSection(SolutionConfigurationPlatforms) = preSolution
		Debug|Any CPU = Debug|Any CPU
		Debug|x86 = Debug|x86
		Release|Any CPU = Release|Any CPU
		Release|x86 = Release|x86
	EndGlobalSection
	GlobalSection(ProjectConfigurationPlatforms) = postSolution
		{0B76401D-E688-485C-A6E0-A5461CB9FE7E}.Debug|Any CPU.ActiveCfg = Debug|Any CPU
		{0B76401D-E688-485C-A6E0-A5461CB9FE7E}.Debug|Any CPU.Build.0 = Debug|Any CPU
		{0B76401D-E688-485C-A6E0-A5461CB9FE7E}.Debug|x86.ActiveCfg = Debug|Any CPU
		{0B76401D-E688-485C-A6E0-A5461CB9FE7E}.Debug|x86.Build.0 = Debug|Any CPU
		{0B76401D-E688-485C-A6E0-A5461CB9FE7E}.Release|Any CPU.ActiveCfg = Release|Any CPU
		{0B76401D-E688-485C-A6E0-A5461CB9FE7E}.Release|Any CPU.Build.0 = Release|Any CPU
		{0B76401D-E688-485C-A6E0-A5461CB9FE7E}.Release|x86.ActiveCfg = Release|Any CPU
		{0B76401D-E688-485C-A6E0-A5461CB9FE7E}.Release|x86.Build.0 = Release|Any CPU
		{9681F5DE-E78F-4522-AEF5-C7C666728F6A}.Debug|Any CPU.ActiveCfg = Debug|Any CPU
		{9681F5DE-E78F-4522-AEF5-C7C666728F6A}.Debug|Any CPU.Build.0 = Debug|Any CPU
		{9681F5DE-E78F-4522-AEF5-C7C666728F6A}.Debug|x86.ActiveCfg = Debug|Any CPU
		{9681F5DE-E78F-4522-AEF5-C7C666728F6A}.Debug|x86.Build.0 = Debug|Any CPU
		{9681F5DE-E78F-4522-AEF5-C7C666728F6A}.Release|Any CPU.ActiveCfg = Release|Any CPU
		{9681F5DE-E78F-4522-AEF5-C7C666728F6A}.Release|Any CPU.Build.0 = Release|Any CPU
		{9681F5DE-E78F-4522-AEF5-C7C666728F6A}.Release|x86.ActiveCfg = Release|Any CPU
		{9681F5DE-E78F-4522-AEF5-C7C666728F6A}.Release|x86.Build.0 = Release|Any CPU
		{18E1A5BC-DF39-47B9-8C1A-A607E1540249}.Debug|Any CPU.ActiveCfg = Debug|Any CPU
		{18E1A5BC-DF39-47B9-8C1A-A607E1540249}.Debug|x86.ActiveCfg = Debug|Any CPU
		{18E1A5BC-DF39-47B9-8C1A-A607E1540249}.Debug|x86.Build.0 = Debug|Any CPU
		{18E1A5BC-DF39-47B9-8C1A-A607E1540249}.Release|Any CPU.ActiveCfg = Release|Any CPU
		{18E1A5BC-DF39-47B9-8C1A-A607E1540249}.Release|Any CPU.Build.0 = Release|Any CPU
		{18E1A5BC-DF39-47B9-8C1A-A607E1540249}.Release|x86.ActiveCfg = Release|Any CPU
		{18E1A5BC-DF39-47B9-8C1A-A607E1540249}.Release|x86.Build.0 = Release|Any CPU
		{E1C6217A-F78A-4F7B-94F0-27ED8B96ABC5}.Debug|Any CPU.ActiveCfg = Debug|Any CPU
		{E1C6217A-F78A-4F7B-94F0-27ED8B96ABC5}.Debug|x86.ActiveCfg = Debug|Any CPU
		{E1C6217A-F78A-4F7B-94F0-27ED8B96ABC5}.Debug|x86.Build.0 = Debug|Any CPU
		{E1C6217A-F78A-4F7B-94F0-27ED8B96ABC5}.Release|Any CPU.ActiveCfg = Release|Any CPU
		{E1C6217A-F78A-4F7B-94F0-27ED8B96ABC5}.Release|Any CPU.Build.0 = Release|Any CPU
		{E1C6217A-F78A-4F7B-94F0-27ED8B96ABC5}.Release|x86.ActiveCfg = Release|Any CPU
		{E1C6217A-F78A-4F7B-94F0-27ED8B96ABC5}.Release|x86.Build.0 = Release|Any CPU
		{149C371B-57D1-44B3-9E2A-8B0DC82B71E7}.Debug|Any CPU.ActiveCfg = Debug|Any CPU
		{149C371B-57D1-44B3-9E2A-8B0DC82B71E7}.Debug|x86.ActiveCfg = Debug|Any CPU
		{149C371B-57D1-44B3-9E2A-8B0DC82B71E7}.Debug|x86.Build.0 = Debug|Any CPU
		{149C371B-57D1-44B3-9E2A-8B0DC82B71E7}.Release|Any CPU.ActiveCfg = Release|Any CPU
		{149C371B-57D1-44B3-9E2A-8B0DC82B71E7}.Release|Any CPU.Build.0 = Release|Any CPU
		{149C371B-57D1-44B3-9E2A-8B0DC82B71E7}.Release|x86.ActiveCfg = Release|Any CPU
		{149C371B-57D1-44B3-9E2A-8B0DC82B71E7}.Release|x86.Build.0 = Release|Any CPU
		{DE9B6974-0AB1-44D8-AC96-DDD78A2DA5DE}.Debug|Any CPU.ActiveCfg = Debug|Any CPU
		{DE9B6974-0AB1-44D8-AC96-DDD78A2DA5DE}.Debug|x86.ActiveCfg = Debug|Any CPU
		{DE9B6974-0AB1-44D8-AC96-DDD78A2DA5DE}.Debug|x86.Build.0 = Debug|Any CPU
		{DE9B6974-0AB1-44D8-AC96-DDD78A2DA5DE}.Release|Any CPU.ActiveCfg = Release|Any CPU
		{DE9B6974-0AB1-44D8-AC96-DDD78A2DA5DE}.Release|Any CPU.Build.0 = Release|Any CPU
		{DE9B6974-0AB1-44D8-AC96-DDD78A2DA5DE}.Release|x86.ActiveCfg = Release|Any CPU
		{DE9B6974-0AB1-44D8-AC96-DDD78A2DA5DE}.Release|x86.Build.0 = Release|Any CPU
		{1842F254-C252-416B-8C8A-90D02B9C65A1}.Debug|Any CPU.ActiveCfg = Debug|Any CPU
		{1842F254-C252-416B-8C8A-90D02B9C65A1}.Debug|Any CPU.Build.0 = Debug|Any CPU
		{1842F254-C252-416B-8C8A-90D02B9C65A1}.Debug|x86.ActiveCfg = Debug|Any CPU
		{1842F254-C252-416B-8C8A-90D02B9C65A1}.Debug|x86.Build.0 = Debug|Any CPU
		{1842F254-C252-416B-8C8A-90D02B9C65A1}.Release|Any CPU.ActiveCfg = Release|Any CPU
		{1842F254-C252-416B-8C8A-90D02B9C65A1}.Release|Any CPU.Build.0 = Release|Any CPU
		{1842F254-C252-416B-8C8A-90D02B9C65A1}.Release|x86.ActiveCfg = Release|Any CPU
		{1842F254-C252-416B-8C8A-90D02B9C65A1}.Release|x86.Build.0 = Release|Any CPU
		{281309E2-28DF-480A-A4F5-E9551BB07CC3}.Debug|Any CPU.ActiveCfg = Debug|Any CPU
		{281309E2-28DF-480A-A4F5-E9551BB07CC3}.Debug|Any CPU.Build.0 = Debug|Any CPU
		{281309E2-28DF-480A-A4F5-E9551BB07CC3}.Debug|x86.ActiveCfg = Debug|Any CPU
		{281309E2-28DF-480A-A4F5-E9551BB07CC3}.Debug|x86.Build.0 = Debug|Any CPU
		{281309E2-28DF-480A-A4F5-E9551BB07CC3}.Release|Any CPU.ActiveCfg = Release|Any CPU
		{281309E2-28DF-480A-A4F5-E9551BB07CC3}.Release|Any CPU.Build.0 = Release|Any CPU
		{281309E2-28DF-480A-A4F5-E9551BB07CC3}.Release|x86.ActiveCfg = Release|Any CPU
		{281309E2-28DF-480A-A4F5-E9551BB07CC3}.Release|x86.Build.0 = Release|Any CPU
		{9177D9A8-2C1F-4385-ADEC-13AA21783F46}.Debug|Any CPU.ActiveCfg = Debug|Any CPU
		{9177D9A8-2C1F-4385-ADEC-13AA21783F46}.Debug|Any CPU.Build.0 = Debug|Any CPU
		{9177D9A8-2C1F-4385-ADEC-13AA21783F46}.Debug|x86.ActiveCfg = Debug|Any CPU
		{9177D9A8-2C1F-4385-ADEC-13AA21783F46}.Debug|x86.Build.0 = Debug|Any CPU
		{9177D9A8-2C1F-4385-ADEC-13AA21783F46}.Release|Any CPU.ActiveCfg = Release|Any CPU
		{9177D9A8-2C1F-4385-ADEC-13AA21783F46}.Release|Any CPU.Build.0 = Release|Any CPU
		{9177D9A8-2C1F-4385-ADEC-13AA21783F46}.Release|x86.ActiveCfg = Release|Any CPU
		{9177D9A8-2C1F-4385-ADEC-13AA21783F46}.Release|x86.Build.0 = Release|Any CPU
	EndGlobalSection
	GlobalSection(SolutionProperties) = preSolution
		HideSolutionNode = FALSE
	EndGlobalSection
	GlobalSection(NestedProjects) = preSolution
		{C483BE1F-B294-484D-9741-658C118CDA66} = {3490F01F-85E3-4F6E-9DA9-C855906F9A8C}
		{0B76401D-E688-485C-A6E0-A5461CB9FE7E} = {D6D31C76-2D45-4241-A2B8-B4E045BD9889}
		{9681F5DE-E78F-4522-AEF5-C7C666728F6A} = {C483BE1F-B294-484D-9741-658C118CDA66}
		{18E1A5BC-DF39-47B9-8C1A-A607E1540249} = {C483BE1F-B294-484D-9741-658C118CDA66}
		{E1C6217A-F78A-4F7B-94F0-27ED8B96ABC5} = {C483BE1F-B294-484D-9741-658C118CDA66}
		{149C371B-57D1-44B3-9E2A-8B0DC82B71E7} = {C483BE1F-B294-484D-9741-658C118CDA66}
		{DE9B6974-0AB1-44D8-AC96-DDD78A2DA5DE} = {D6D31C76-2D45-4241-A2B8-B4E045BD9889}
		{1842F254-C252-416B-8C8A-90D02B9C65A1} = {0D43EFE8-CF28-4829-93E2-A3C974507A66}
		{9177D9A8-2C1F-4385-ADEC-13AA21783F46} = {0D43EFE8-CF28-4829-93E2-A3C974507A66}
	EndGlobalSection
EndGlobal
